
Microsoft Visual Studio Solution File, Format Version 12.00
# Visual Studio Version 17
VisualStudioVersion = 17.9.34723.18
MinimumVisualStudioVersion = 10.0.40219.1
Project("{2150E333-8FDC-42A3-9474-1A3956D46DE8}") = "src", "src", "{9DB37DE4-4209-43B6-ACBE-84C7168042D3}"
EndProject
Project("{9A19103F-16F7-4668-BE54-9A1E7A4F7556}") = "Lecture_1", "Lecture_1\Lecture_1.csproj", "{D64D0241-4637-498A-9A4E-2299C3F2F79E}"
EndProject
Project("{9A19103F-16F7-4668-BE54-9A1E7A4F7556}") = "Lecture_2", "Lecture_2\Lecture_2.csproj", "{A69B82ED-D8A7-4B78-807D-96E586FC9A14}"
EndProject
Project("{9A19103F-16F7-4668-BE54-9A1E7A4F7556}") = "Lecture_3", "Lecture_3\Lecture_3.csproj", "{ECF48782-9C5B-4F4B-8F3C-B98ED1FE8E8C}"
EndProject
Project("{9A19103F-16F7-4668-BE54-9A1E7A4F7556}") = "Lecture_4", "Lecture_4\Lecture_4.csproj", "{AD5ECB14-253E-4587-A72C-FC4F1EFD0582}"
EndProject
Project("{9A19103F-16F7-4668-BE54-9A1E7A4F7556}") = "Lecture_5", "Lecture_5\Lecture_5.csproj", "{F18E7991-3D6B-4F5F-8F30-CAF8CF2D76A3}"
EndProject
Project("{FAE04EC0-301F-11D3-BF4B-00C04F79EFBC}") = "21_IObservable-IObserver", "21_IObservable-IObserver\21_IObservable-IObserver.csproj", "{D4C34A4B-2E14-4FDC-B950-289B84BDF709}"
EndProject
Project("{FAE04EC0-301F-11D3-BF4B-00C04F79EFBC}") = "21_IObservable-IObserver-2", "21_IObservable-IObserver-2\21_IObservable-IObserver-2.csproj", "{B8B6F204-1DED-4E94-9004-3B2B7A0E0848}"
EndProject
Project("{FAE04EC0-301F-11D3-BF4B-00C04F79EFBC}") = "21_IObservable-IObserver-3", "21_IObservable-IObserver-3\21_IObservable-IObserver-3.csproj", "{3DD301CF-1ED9-4620-87D7-DC2B0C9B2B41}"
EndProject
Global
	GlobalSection(SolutionConfigurationPlatforms) = preSolution
		Debug|Any CPU = Debug|Any CPU
		Release|Any CPU = Release|Any CPU
	EndGlobalSection
	GlobalSection(ProjectConfigurationPlatforms) = postSolution
		{D64D0241-4637-498A-9A4E-2299C3F2F79E}.Debug|Any CPU.ActiveCfg = Debug|Any CPU
		{D64D0241-4637-498A-9A4E-2299C3F2F79E}.Debug|Any CPU.Build.0 = Debug|Any CPU
		{D64D0241-4637-498A-9A4E-2299C3F2F79E}.Release|Any CPU.ActiveCfg = Release|Any CPU
		{D64D0241-4637-498A-9A4E-2299C3F2F79E}.Release|Any CPU.Build.0 = Release|Any CPU
		{A69B82ED-D8A7-4B78-807D-96E586FC9A14}.Debug|Any CPU.ActiveCfg = Debug|Any CPU
		{A69B82ED-D8A7-4B78-807D-96E586FC9A14}.Debug|Any CPU.Build.0 = Debug|Any CPU
		{A69B82ED-D8A7-4B78-807D-96E586FC9A14}.Release|Any CPU.ActiveCfg = Release|Any CPU
		{A69B82ED-D8A7-4B78-807D-96E586FC9A14}.Release|Any CPU.Build.0 = Release|Any CPU
		{ECF48782-9C5B-4F4B-8F3C-B98ED1FE8E8C}.Debug|Any CPU.ActiveCfg = Debug|Any CPU
		{ECF48782-9C5B-4F4B-8F3C-B98ED1FE8E8C}.Debug|Any CPU.Build.0 = Debug|Any CPU
		{ECF48782-9C5B-4F4B-8F3C-B98ED1FE8E8C}.Release|Any CPU.ActiveCfg = Release|Any CPU
		{ECF48782-9C5B-4F4B-8F3C-B98ED1FE8E8C}.Release|Any CPU.Build.0 = Release|Any CPU
		{AD5ECB14-253E-4587-A72C-FC4F1EFD0582}.Debug|Any CPU.ActiveCfg = Debug|Any CPU
		{AD5ECB14-253E-4587-A72C-FC4F1EFD0582}.Debug|Any CPU.Build.0 = Debug|Any CPU
		{AD5ECB14-253E-4587-A72C-FC4F1EFD0582}.Release|Any CPU.ActiveCfg = Release|Any CPU
		{AD5ECB14-253E-4587-A72C-FC4F1EFD0582}.Release|Any CPU.Build.0 = Release|Any CPU
		{F18E7991-3D6B-4F5F-8F30-CAF8CF2D76A3}.Debug|Any CPU.ActiveCfg = Debug|Any CPU
		{F18E7991-3D6B-4F5F-8F30-CAF8CF2D76A3}.Debug|Any CPU.Build.0 = Debug|Any CPU
		{F18E7991-3D6B-4F5F-8F30-CAF8CF2D76A3}.Release|Any CPU.ActiveCfg = Release|Any CPU
		{F18E7991-3D6B-4F5F-8F30-CAF8CF2D76A3}.Release|Any CPU.Build.0 = Release|Any CPU
		{D4C34A4B-2E14-4FDC-B950-289B84BDF709}.Debug|Any CPU.ActiveCfg = Debug|Any CPU
		{D4C34A4B-2E14-4FDC-B950-289B84BDF709}.Debug|Any CPU.Build.0 = Debug|Any CPU
		{D4C34A4B-2E14-4FDC-B950-289B84BDF709}.Release|Any CPU.ActiveCfg = Release|Any CPU
		{D4C34A4B-2E14-4FDC-B950-289B84BDF709}.Release|Any CPU.Build.0 = Release|Any CPU
		{B8B6F204-1DED-4E94-9004-3B2B7A0E0848}.Debug|Any CPU.ActiveCfg = Debug|Any CPU
		{B8B6F204-1DED-4E94-9004-3B2B7A0E0848}.Debug|Any CPU.Build.0 = Debug|Any CPU
		{B8B6F204-1DED-4E94-9004-3B2B7A0E0848}.Release|Any CPU.ActiveCfg = Release|Any CPU
		{B8B6F204-1DED-4E94-9004-3B2B7A0E0848}.Release|Any CPU.Build.0 = Release|Any CPU
		{3DD301CF-1ED9-4620-87D7-DC2B0C9B2B41}.Debug|Any CPU.ActiveCfg = Debug|Any CPU
		{3DD301CF-1ED9-4620-87D7-DC2B0C9B2B41}.Debug|Any CPU.Build.0 = Debug|Any CPU
		{3DD301CF-1ED9-4620-87D7-DC2B0C9B2B41}.Release|Any CPU.ActiveCfg = Release|Any CPU
		{3DD301CF-1ED9-4620-87D7-DC2B0C9B2B41}.Release|Any CPU.Build.0 = Release|Any CPU
	EndGlobalSection
	GlobalSection(SolutionProperties) = preSolution
		HideSolutionNode = FALSE
	EndGlobalSection
	GlobalSection(NestedProjects) = preSolution
		{D64D0241-4637-498A-9A4E-2299C3F2F79E} = {9DB37DE4-4209-43B6-ACBE-84C7168042D3}
		{A69B82ED-D8A7-4B78-807D-96E586FC9A14} = {9DB37DE4-4209-43B6-ACBE-84C7168042D3}
		{ECF48782-9C5B-4F4B-8F3C-B98ED1FE8E8C} = {9DB37DE4-4209-43B6-ACBE-84C7168042D3}
		{AD5ECB14-253E-4587-A72C-FC4F1EFD0582} = {9DB37DE4-4209-43B6-ACBE-84C7168042D3}
		{F18E7991-3D6B-4F5F-8F30-CAF8CF2D76A3} = {9DB37DE4-4209-43B6-ACBE-84C7168042D3}
		{D4C34A4B-2E14-4FDC-B950-289B84BDF709} = {9DB37DE4-4209-43B6-ACBE-84C7168042D3}
		{B8B6F204-1DED-4E94-9004-3B2B7A0E0848} = {9DB37DE4-4209-43B6-ACBE-84C7168042D3}
		{3DD301CF-1ED9-4620-87D7-DC2B0C9B2B41} = {9DB37DE4-4209-43B6-ACBE-84C7168042D3}
	EndGlobalSection
	GlobalSection(ExtensibilityGlobals) = postSolution
		SolutionGuid = {36C38DF9-FDCF-4DFC-B3BB-6C77C2D4F5D6}
	EndGlobalSection
EndGlobal
